
Microsoft Visual Studio Solution File, Format Version 12.00
# Visual Studio Version 17
VisualStudioVersion = 17.4.33213.308
MinimumVisualStudioVersion = 10.0.40219.1
Project("{FAE04EC0-301F-11D3-BF4B-00C04F79EFBC}") = "Shopping Cart", "Shopping Cart.csproj", "{B4F6A331-36A0-4674-A34B-BABF3F4FE6FE}"
EndProject
Global
	GlobalSection(SolutionConfigurationPlatforms) = preSolution
		Debug|Any CPU = Debug|Any CPU
		Release|Any CPU = Release|Any CPU
	EndGlobalSection
	GlobalSection(ProjectConfigurationPlatforms) = postSolution
		{B4F6A331-36A0-4674-A34B-BABF3F4FE6FE}.Debug|Any CPU.ActiveCfg = Debug|Any CPU
		{B4F6A331-36A0-4674-A34B-BABF3F4FE6FE}.Debug|Any CPU.Build.0 = Debug|Any CPU
		{B4F6A331-36A0-4674-A34B-BABF3F4FE6FE}.Release|Any CPU.ActiveCfg = Release|Any CPU
		{B4F6A331-36A0-4674-A34B-BABF3F4FE6FE}.Release|Any CPU.Build.0 = Release|Any CPU
	EndGlobalSection
	GlobalSection(SolutionProperties) = preSolution
		HideSolutionNode = FALSE
	EndGlobalSection
	GlobalSection(ExtensibilityGlobals) = postSolution
		SolutionGuid = {F5A9E303-B571-489C-BF97-41823BDA4E7D}
	EndGlobalSection
EndGlobal
